<?xml version="1.0" encoding="utf-8"?>
<Project ToolsVersion="4.0" xmlns="http://schemas.microsoft.com/developer/msbuild/2003">
  <ItemGroup>
    <Filter Include="源文件">
      <UniqueIdentifier>{4FC737F1-C7A5-4376-A066-2A32D752A2FF}</UniqueIdentifier>
      <Extensions>cpp;c;cc;cxx;c++;cppm;ixx;def;odl;idl;hpj;bat;asm;asmx</Extensions>
    </Filter>
    <Filter Include="头文件">
      <UniqueIdentifier>{93995380-89BD-4b04-88EB-625FBE52EBFB}</UniqueIdentifier>
      <Extensions>h;hh;hpp;hxx;h++;hm;inl;inc;ipp;xsd</Extensions>
    </Filter>
    <Filter Include="资源文件">
      <UniqueIdentifier>{67DA6AB6-F800-4c08-8B7A-83BB121AAD01}</UniqueIdentifier>
      <Extensions>rc;ico;cur;bmp;dlg;rc2;rct;bin;rgs;gif;jpg;jpeg;jpe;resx;tiff;tif;png;wav;mfcribbon-ms</Extensions>
    </Filter>
    <Filter Include="tools">
      <UniqueIdentifier>{66e19522-1e2b-4ca3-88a7-91214e112bed}</UniqueIdentifier>
    </Filter>
    <Filter Include="effectiveWater">
      <UniqueIdentifier>{63e9406c-4f6d-4d9d-9222-75ce281134c6}</UniqueIdentifier>
    </Filter>
    <Filter Include="effectiveWater\shaders">
      <UniqueIdentifier>{14ef685b-adbe-4ff2-ab9b-94690b80e168}</UniqueIdentifier>
    </Filter>
    <Filter Include="effectiveWater\assets">
      <UniqueIdentifier>{b0fdd7ff-a763-467f-820a-5d79666e4c35}</UniqueIdentifier>
    </Filter>
    <Filter Include="waterCaustic">
      <UniqueIdentifier>{f87d3282-b9fb-4ce2-bca7-4ff0d85e0a8f}</UniqueIdentifier>
    </Filter>
    <Filter Include="waterCaustic\shaders">
      <UniqueIdentifier>{f214ec39-faef-47c7-b17a-7e8fd5659bb8}</UniqueIdentifier>
    </Filter>
    <Filter Include="countlessGrass">
      <UniqueIdentifier>{308cc556-a075-4fe1-90b5-ad7edb8930e7}</UniqueIdentifier>
    </Filter>
    <Filter Include="countlessGrass\shaders">
      <UniqueIdentifier>{3f6353b5-f0ba-4c9d-8719-05ff7023b2d6}</UniqueIdentifier>
    </Filter>
    <Filter Include="shadowMapping">
      <UniqueIdentifier>{4fa39be7-04ce-4e43-9788-00c114a4ede0}</UniqueIdentifier>
    </Filter>
    <Filter Include="shadowMapping\shaders">
      <UniqueIdentifier>{5bcb55ab-83ff-4b54-a82e-6d82aa236ed5}</UniqueIdentifier>
    </Filter>
    <Filter Include="omnidirectionalShadow">
      <UniqueIdentifier>{673e221a-71ee-4eef-bf9e-d086991715bb}</UniqueIdentifier>
    </Filter>
    <Filter Include="omnidirectionalShadow\shaders">
      <UniqueIdentifier>{79499bd0-ab22-4728-9fc2-b5b8f85889d8}</UniqueIdentifier>
    </Filter>
    <Filter Include="toneMapping">
      <UniqueIdentifier>{374af94e-670c-447d-894c-a561302034bf}</UniqueIdentifier>
    </Filter>
    <Filter Include="toneMapping\shaders">
      <UniqueIdentifier>{122ea90e-5d18-4a7e-b296-6eba443953ee}</UniqueIdentifier>
    </Filter>
    <Filter Include="bloomLighting">
      <UniqueIdentifier>{e3eba15a-6e02-4381-b94c-bf242649f88b}</UniqueIdentifier>
    </Filter>
    <Filter Include="bloomLighting\shaders">
      <UniqueIdentifier>{0b984e42-1f6b-4da2-bb2c-787a7d88e76d}</UniqueIdentifier>
    </Filter>
    <Filter Include="deferredShading">
      <UniqueIdentifier>{e2ba95b5-7c80-4ea4-a515-def9870173a5}</UniqueIdentifier>
    </Filter>
    <Filter Include="deferredShading\shaders">
      <UniqueIdentifier>{a9ccbaed-d7a7-4437-aabf-068d480804a5}</UniqueIdentifier>
    </Filter>
  </ItemGroup>
  <ItemGroup>
    <ClCompile Include="main.cpp">
      <Filter>源文件</Filter>
    </ClCompile>
    <ClCompile Include="tools\glad.c">
      <Filter>tools</Filter>
    </ClCompile>
    <ClCompile Include="effectiveWater\effectiveWater.cpp">
      <Filter>effectiveWater</Filter>
    </ClCompile>
    <ClCompile Include="waterCaustic\waterCaustic.cpp">
      <Filter>waterCaustic</Filter>
    </ClCompile>
    <ClCompile Include="tools\Maths.cpp">
      <Filter>tools</Filter>
    </ClCompile>
    <ClCompile Include="tools\Utility.cpp">
      <Filter>tools</Filter>
    </ClCompile>
    <ClCompile Include="countlessGrass\countlessGrass.cpp">
      <Filter>countlessGrass</Filter>
    </ClCompile>
    <ClCompile Include="shadowMapping\shadowMapping.cpp">
      <Filter>shadowMapping</Filter>
    </ClCompile>
    <ClCompile Include="omnidirectionalShadow\omnidirectionalShadow.cpp">
      <Filter>omnidirectionalShadow</Filter>
    </ClCompile>
    <ClCompile Include="toneMapping\toneMapping.cpp">
      <Filter>toneMapping</Filter>
    </ClCompile>
    <ClCompile Include="bloomLighting\bloomLighting.cpp">
      <Filter>bloomLighting</Filter>
    </ClCompile>
    <ClCompile Include="deferredShading\deferredShading.cpp">
      <Filter>deferredShading</Filter>
    </ClCompile>
  </ItemGroup>
  <ItemGroup>
    <ClInclude Include="tools\Camera.h">
      <Filter>tools</Filter>
    </ClInclude>
    <ClInclude Include="tools\Shader.h">
      <Filter>tools</Filter>
    </ClInclude>
    <ClInclude Include="effectiveWater\effectiveWater.h">
      <Filter>effectiveWater</Filter>
    </ClInclude>
    <ClInclude Include="waterCaustic\waterCaustic.h">
      <Filter>waterCaustic</Filter>
    </ClInclude>
    <ClInclude Include="tools\stb_image.h">
      <Filter>tools</Filter>
    </ClInclude>
    <ClInclude Include="tools\Maths.h">
      <Filter>tools</Filter>
    </ClInclude>
    <ClInclude Include="tools\Utility.h">
      <Filter>tools</Filter>
    </ClInclude>
    <ClInclude Include="tools\stb_image_write.h">
      <Filter>tools</Filter>
    </ClInclude>
    <ClInclude Include="countlessGrass\countlessGrass.h">
      <Filter>countlessGrass</Filter>
    </ClInclude>
    <ClInclude Include="shadowMapping\shadowMapping.h">
      <Filter>shadowMapping</Filter>
    </ClInclude>
    <ClInclude Include="omnidirectionalShadow\omnidirectionalShadow.h">
      <Filter>omnidirectionalShadow</Filter>
    </ClInclude>
    <ClInclude Include="toneMapping\toneMapping.h">
      <Filter>toneMapping</Filter>
    </ClInclude>
    <ClInclude Include="bloomLighting\bloomLighting.h">
      <Filter>bloomLighting</Filter>
    </ClInclude>
    <ClInclude Include="deferredShading\deferredShading.h">
      <Filter>deferredShading</Filter>
    </ClInclude>
  </ItemGroup>
  <ItemGroup>
    <None Include="effectiveWater\shaders\frag.fs">
      <Filter>effectiveWater\shaders</Filter>
    </None>
    <None Include="effectiveWater\shaders\vert.vs">
      <Filter>effectiveWater\shaders</Filter>
    </None>
    <None Include="waterCaustic\shaders\ground_frag.fs">
      <Filter>waterCaustic\shaders</Filter>
    </None>
    <None Include="waterCaustic\shaders\ground_vert.vs">
      <Filter>waterCaustic\shaders</Filter>
    </None>
    <None Include="waterCaustic\shaders\water_surface_frag.fs">
      <Filter>waterCaustic\shaders</Filter>
    </None>
    <None Include="waterCaustic\shaders\water_surface_vert.vs">
      <Filter>waterCaustic\shaders</Filter>
    </None>
    <None Include="waterCaustic\shaders\water_caustic_vert.vs">
      <Filter>waterCaustic\shaders</Filter>
    </None>
    <None Include="waterCaustic\shaders\water_caustic_frag.fs">
      <Filter>waterCaustic\shaders</Filter>
    </None>
    <None Include="countlessGrass\shaders\ground_vert.vs">
      <Filter>countlessGrass\shaders</Filter>
    </None>
    <None Include="countlessGrass\shaders\ground_frag.fs">
      <Filter>countlessGrass\shaders</Filter>
    </None>
    <None Include="countlessGrass\shaders\grass_vert.vs">
      <Filter>countlessGrass\shaders</Filter>
    </None>
    <None Include="countlessGrass\shaders\grass_frag.fs">
      <Filter>countlessGrass\shaders</Filter>
    </None>
    <None Include="countlessGrass\shaders\grass_geom.gs">
      <Filter>countlessGrass\shaders</Filter>
    </None>
    <None Include="shadowMapping\shaders\obj_vert.vs">
      <Filter>shadowMapping\shaders</Filter>
    </None>
    <None Include="shadowMapping\shaders\obj_frag.fs">
      <Filter>shadowMapping\shaders</Filter>
    </None>
    <None Include="shadowMapping\shaders\depth_vert.vs">
      <Filter>shadowMapping\shaders</Filter>
    </None>
    <None Include="shadowMapping\shaders\depth_frag.fs">
      <Filter>shadowMapping\shaders</Filter>
    </None>
    <None Include="shadowMapping\shaders\debug_depth.vs">
      <Filter>shadowMapping\shaders</Filter>
    </None>
    <None Include="shadowMapping\shaders\debug_depth.fs">
      <Filter>shadowMapping\shaders</Filter>
    </None>
    <None Include="omnidirectionalShadow\shaders\cube_vert.vs">
      <Filter>omnidirectionalShadow\shaders</Filter>
    </None>
    <None Include="omnidirectionalShadow\shaders\cube_frag.fs">
      <Filter>omnidirectionalShadow\shaders</Filter>
    </None>
    <None Include="omnidirectionalShadow\shaders\depth_vert.vs">
      <Filter>omnidirectionalShadow\shaders</Filter>
    </None>
    <None Include="omnidirectionalShadow\shaders\depth_frag.fs">
      <Filter>omnidirectionalShadow\shaders</Filter>
    </None>
    <None Include="omnidirectionalShadow\shaders\depth_geom.gs">
      <Filter>omnidirectionalShadow\shaders</Filter>
    </None>
    <None Include="toneMapping\shaders\hdr_frag.fs">
      <Filter>toneMapping\shaders</Filter>
    </None>
    <None Include="toneMapping\shaders\hdr_vert.vs">
      <Filter>toneMapping\shaders</Filter>
    </None>
    <None Include="toneMapping\shaders\scene_frag.fs">
      <Filter>toneMapping\shaders</Filter>
    </None>
    <None Include="toneMapping\shaders\scene_vert.vs">
      <Filter>toneMapping\shaders</Filter>
    </None>
    <None Include="bloomLighting\shaders\bloom_vert.vs">
      <Filter>bloomLighting\shaders</Filter>
    </None>
    <None Include="bloomLighting\shaders\bloom_frag.fs">
      <Filter>bloomLighting\shaders</Filter>
    </None>
    <None Include="bloomLighting\shaders\bloom_final_vert.vs">
      <Filter>bloomLighting\shaders</Filter>
    </None>
    <None Include="bloomLighting\shaders\bloom_final_frag.fs">
      <Filter>bloomLighting\shaders</Filter>
    </None>
    <None Include="bloomLighting\shaders\light_box_vert.vs">
      <Filter>bloomLighting\shaders</Filter>
    </None>
    <None Include="bloomLighting\shaders\light_box_frag.fs">
      <Filter>bloomLighting\shaders</Filter>
    </None>
    <None Include="bloomLighting\shaders\bloom_blur_vert.vs">
      <Filter>bloomLighting\shaders</Filter>
    </None>
    <None Include="bloomLighting\shaders\bloom_blur_frag.fs">
      <Filter>bloomLighting\shaders</Filter>
    </None>
    <None Include="deferredShading\shaders\sphere_vert.vs">
      <Filter>deferredShading\shaders</Filter>
    </None>
    <None Include="deferredShading\shaders\sphere_frag.fs">
      <Filter>deferredShading\shaders</Filter>
    </None>
    <None Include="deferredShading\shaders\gbuffer_vert.vs">
      <Filter>deferredShading\shaders</Filter>
    </None>
    <None Include="deferredShading\shaders\gbuffer_frag.fs">
      <Filter>deferredShading\shaders</Filter>
    </None>
    <None Include="deferredShading\shaders\debug_vert.vs">
      <Filter>deferredShading\shaders</Filter>
    </None>
    <None Include="deferredShading\shaders\debug_frag.fs">
      <Filter>deferredShading\shaders</Filter>
    </None>
  </ItemGroup>
  <ItemGroup>
    <Text Include="effectiveWater\assets\water_mesh.txt">
      <Filter>effectiveWater\assets</Filter>
    </Text>
  </ItemGroup>
</Project>